
Microsoft Visual Studio Solution File, Format Version 12.00
# Visual Studio Version 17
VisualStudioVersion = 17.14.36310.24 d17.14
MinimumVisualStudioVersion = 10.0.40219.1
Project("{FAE04EC0-301F-11D3-BF4B-00C04F79EFBC}") = "Bank", "Bank\Bank.csproj", "{45BF7EF6-F514-48E7-ABB4-6F847DF793FB}"
EndProject
Global
	GlobalSection(SolutionConfigurationPlatforms) = preSolution
		Debug|Any CPU = Debug|Any CPU
		Release|Any CPU = Release|Any CPU
	EndGlobalSection
	GlobalSection(ProjectConfigurationPlatforms) = postSolution
		{45BF7EF6-F514-48E7-ABB4-6F847DF793FB}.Debug|Any CPU.ActiveCfg = Debug|Any CPU
		{45BF7EF6-F514-48E7-ABB4-6F847DF793FB}.Debug|Any CPU.Build.0 = Debug|Any CPU
		{45BF7EF6-F514-48E7-ABB4-6F847DF793FB}.Release|Any CPU.ActiveCfg = Release|Any CPU
		{45BF7EF6-F514-48E7-ABB4-6F847DF793FB}.Release|Any CPU.Build.0 = Release|Any CPU
	EndGlobalSection
	GlobalSection(SolutionProperties) = preSolution
		HideSolutionNode = FALSE
	EndGlobalSection
	GlobalSection(ExtensibilityGlobals) = postSolution
		SolutionGuid = {0C760B17-8CD1-4751-90EA-12FAD771814F}
	EndGlobalSection
EndGlobal
